// !$*UTF8*$!
{
	archiveVersion = 1;
	classes = {
	};
	objectVersion = 46;
	objects = {

/* Begin PBXBuildFile section */
		04289B691B1C755400BAB4A1 /* AppDelegate.swift in Sources */ = {isa = PBXBuildFile; fileRef = 04289B681B1C755400BAB4A1 /* AppDelegate.swift */; };
		04289B6B1B1C755400BAB4A1 /* ViewController.swift in Sources */ = {isa = PBXBuildFile; fileRef = 04289B6A1B1C755400BAB4A1 /* ViewController.swift */; };
		04289B6E1B1C755400BAB4A1 /* Main.storyboard in Resources */ = {isa = PBXBuildFile; fileRef = 04289B6C1B1C755400BAB4A1 /* Main.storyboard */; };
		04289B701B1C755400BAB4A1 /* Images.xcassets in Resources */ = {isa = PBXBuildFile; fileRef = 04289B6F1B1C755400BAB4A1 /* Images.xcassets */; };
		04289B731B1C755400BAB4A1 /* LaunchScreen.xib in Resources */ = {isa = PBXBuildFile; fileRef = 04289B711B1C755400BAB4A1 /* LaunchScreen.xib */; };
		04289B7F1B1C755500BAB4A1 /* Hexium_SwiftTests.swift in Sources */ = {isa = PBXBuildFile; fileRef = 04289B7E1B1C755500BAB4A1 /* Hexium_SwiftTests.swift */; };
		04289B8A1B1C76E900BAB4A1 /* PieceView.swift in Sources */ = {isa = PBXBuildFile; fileRef = 04289B891B1C76E900BAB4A1 /* PieceView.swift */; };
		04289B901B1C77DD00BAB4A1 /* HexiumGameController.swift in Sources */ = {isa = PBXBuildFile; fileRef = 04289B8F1B1C77DD00BAB4A1 /* HexiumGameController.swift */; };
		04289B921B1C797F00BAB4A1 /* BoardView.swift in Sources */ = {isa = PBXBuildFile; fileRef = 04289B911B1C797F00BAB4A1 /* BoardView.swift */; };
		04289B941B1CB74800BAB4A1 /* Utils.swift in Sources */ = {isa = PBXBuildFile; fileRef = 04289B931B1CB74800BAB4A1 /* Utils.swift */; };
		042D17B71B2055DF00761EDC /* GameModel.swift in Sources */ = {isa = PBXBuildFile; fileRef = 042D17B61B2055DF00761EDC /* GameModel.swift */; };
		042D17E31B2069BA00761EDC /* CoordinateConverter.swift in Sources */ = {isa = PBXBuildFile; fileRef = 042D17E21B2069BA00761EDC /* CoordinateConverter.swift */; };
/* End PBXBuildFile section */

/* Begin PBXContainerItemProxy section */
		04289B791B1C755500BAB4A1 /* PBXContainerItemProxy */ = {
			isa = PBXContainerItemProxy;
			containerPortal = 04289B5B1B1C755400BAB4A1 /* Project object */;
			proxyType = 1;
			remoteGlobalIDString = 04289B621B1C755400BAB4A1;
			remoteInfo = "Hexium-Swift";
		};
/* End PBXContainerItemProxy section */

/* Begin PBXFileReference section */
		04289B631B1C755400BAB4A1 /* Hexium-Swift.app */ = {isa = PBXFileReference; explicitFileType = wrapper.application; includeInIndex = 0; path = "Hexium-Swift.app"; sourceTree = BUILT_PRODUCTS_DIR; };
		04289B671B1C755400BAB4A1 /* Info.plist */ = {isa = PBXFileReference; lastKnownFileType = text.plist.xml; path = Info.plist; sourceTree = "<group>"; };
		04289B681B1C755400BAB4A1 /* AppDelegate.swift */ = {isa = PBXFileReference; lastKnownFileType = sourcecode.swift; path = AppDelegate.swift; sourceTree = "<group>"; };
		04289B6A1B1C755400BAB4A1 /* ViewController.swift */ = {isa = PBXFileReference; lastKnownFileType = sourcecode.swift; path = ViewController.swift; sourceTree = "<group>"; };
		04289B6D1B1C755400BAB4A1 /* Base */ = {isa = PBXFileReference; lastKnownFileType = file.storyboard; name = Base; path = Base.lproj/Main.storyboard; sourceTree = "<group>"; };
		04289B6F1B1C755400BAB4A1 /* Images.xcassets */ = {isa = PBXFileReference; lastKnownFileType = folder.assetcatalog; path = Images.xcassets; sourceTree = "<group>"; };
		04289B721B1C755400BAB4A1 /* Base */ = {isa = PBXFileReference; lastKnownFileType = file.xib; name = Base; path = Base.lproj/LaunchScreen.xib; sourceTree = "<group>"; };
		04289B781B1C755500BAB4A1 /* Hexium-SwiftTests.xctest */ = {isa = PBXFileReference; explicitFileType = wrapper.cfbundle; includeInIndex = 0; path = "Hexium-SwiftTests.xctest"; sourceTree = BUILT_PRODUCTS_DIR; };
		04289B7D1B1C755500BAB4A1 /* Info.plist */ = {isa = PBXFileReference; lastKnownFileType = text.plist.xml; path = Info.plist; sourceTree = "<group>"; };
		04289B7E1B1C755500BAB4A1 /* Hexium_SwiftTests.swift */ = {isa = PBXFileReference; lastKnownFileType = sourcecode.swift; path = Hexium_SwiftTests.swift; sourceTree = "<group>"; };
		04289B891B1C76E900BAB4A1 /* PieceView.swift */ = {isa = PBXFileReference; fileEncoding = 4; lastKnownFileType = sourcecode.swift; path = PieceView.swift; sourceTree = "<group>"; };
		04289B8F1B1C77DD00BAB4A1 /* HexiumGameController.swift */ = {isa = PBXFileReference; fileEncoding = 4; lastKnownFileType = sourcecode.swift; path = HexiumGameController.swift; sourceTree = "<group>"; };
		04289B911B1C797F00BAB4A1 /* BoardView.swift */ = {isa = PBXFileReference; fileEncoding = 4; lastKnownFileType = sourcecode.swift; path = BoardView.swift; sourceTree = "<group>"; };
		04289B931B1CB74800BAB4A1 /* Utils.swift */ = {isa = PBXFileReference; fileEncoding = 4; lastKnownFileType = sourcecode.swift; path = Utils.swift; sourceTree = "<group>"; };
		042D17B61B2055DF00761EDC /* GameModel.swift */ = {isa = PBXFileReference; fileEncoding = 4; lastKnownFileType = sourcecode.swift; path = GameModel.swift; sourceTree = "<group>"; };
		042D17E21B2069BA00761EDC /* CoordinateConverter.swift */ = {isa = PBXFileReference; fileEncoding = 4; lastKnownFileType = sourcecode.swift; path = CoordinateConverter.swift; sourceTree = "<group>"; };
/* End PBXFileReference section */

/* Begin PBXFrameworksBuildPhase section */
		04289B601B1C755400BAB4A1 /* Frameworks */ = {
			isa = PBXFrameworksBuildPhase;
			buildActionMask = 2147483647;
			files = (
			);
			runOnlyForDeploymentPostprocessing = 0;
		};
		04289B751B1C755500BAB4A1 /* Frameworks */ = {
			isa = PBXFrameworksBuildPhase;
			buildActionMask = 2147483647;
			files = (
			);
			runOnlyForDeploymentPostprocessing = 0;
		};
/* End PBXFrameworksBuildPhase section */

/* Begin PBXGroup section */
		04289B5A1B1C755400BAB4A1 = {
			isa = PBXGroup;
			children = (
				04289B651B1C755400BAB4A1 /* Hexium-Swift */,
				04289B7B1B1C755500BAB4A1 /* Hexium-SwiftTests */,
				04289B641B1C755400BAB4A1 /* Products */,
			);
			sourceTree = "<group>";
		};
		04289B641B1C755400BAB4A1 /* Products */ = {
			isa = PBXGroup;
			children = (
				04289B631B1C755400BAB4A1 /* Hexium-Swift.app */,
				04289B781B1C755500BAB4A1 /* Hexium-SwiftTests.xctest */,
			);
			name = Products;
			sourceTree = "<group>";
		};
		04289B651B1C755400BAB4A1 /* Hexium-Swift */ = {
			isa = PBXGroup;
			children = (
				042D17E11B2069AE00761EDC /* Utils */,
				04289B8C1B1C77C100BAB4A1 /* Controller */,
				04289B8B1B1C77B500BAB4A1 /* Model */,
				04289B881B1C76E000BAB4A1 /* View */,
				04289B681B1C755400BAB4A1 /* AppDelegate.swift */,
				04289B6A1B1C755400BAB4A1 /* ViewController.swift */,
				04289B6C1B1C755400BAB4A1 /* Main.storyboard */,
				04289B6F1B1C755400BAB4A1 /* Images.xcassets */,
				04289B711B1C755400BAB4A1 /* LaunchScreen.xib */,
				04289B661B1C755400BAB4A1 /* Supporting Files */,
				04289B931B1CB74800BAB4A1 /* Utils.swift */,
			);
			path = "Hexium-Swift";
			sourceTree = "<group>";
		};
		04289B661B1C755400BAB4A1 /* Supporting Files */ = {
			isa = PBXGroup;
			children = (
				04289B671B1C755400BAB4A1 /* Info.plist */,
			);
			name = "Supporting Files";
			sourceTree = "<group>";
		};
		04289B7B1B1C755500BAB4A1 /* Hexium-SwiftTests */ = {
			isa = PBXGroup;
			children = (
				04289B7E1B1C755500BAB4A1 /* Hexium_SwiftTests.swift */,
				04289B7C1B1C755500BAB4A1 /* Supporting Files */,
			);
			path = "Hexium-SwiftTests";
			sourceTree = "<group>";
		};
		04289B7C1B1C755500BAB4A1 /* Supporting Files */ = {
			isa = PBXGroup;
			children = (
				04289B7D1B1C755500BAB4A1 /* Info.plist */,
			);
			name = "Supporting Files";
			sourceTree = "<group>";
		};
		04289B881B1C76E000BAB4A1 /* View */ = {
			isa = PBXGroup;
			children = (
				04289B911B1C797F00BAB4A1 /* BoardView.swift */,
				04289B891B1C76E900BAB4A1 /* PieceView.swift */,
			);
			name = View;
			sourceTree = "<group>";
		};
		04289B8B1B1C77B500BAB4A1 /* Model */ = {
			isa = PBXGroup;
			children = (
				042D17B61B2055DF00761EDC /* GameModel.swift */,
			);
			name = Model;
			sourceTree = "<group>";
		};
		04289B8C1B1C77C100BAB4A1 /* Controller */ = {
			isa = PBXGroup;
			children = (
				04289B8F1B1C77DD00BAB4A1 /* HexiumGameController.swift */,
			);
			name = Controller;
			sourceTree = "<group>";
		};
		042D17E11B2069AE00761EDC /* Utils */ = {
			isa = PBXGroup;
			children = (
				042D17E21B2069BA00761EDC /* CoordinateConverter.swift */,
			);
			name = Utils;
			sourceTree = "<group>";
		};
/* End PBXGroup section */

/* Begin PBXNativeTarget section */
		04289B621B1C755400BAB4A1 /* Hexium-Swift */ = {
			isa = PBXNativeTarget;
			buildConfigurationList = 04289B821B1C755500BAB4A1 /* Build configuration list for PBXNativeTarget "Hexium-Swift" */;
			buildPhases = (
				04289B5F1B1C755400BAB4A1 /* Sources */,
				04289B601B1C755400BAB4A1 /* Frameworks */,
				04289B611B1C755400BAB4A1 /* Resources */,
			);
			buildRules = (
			);
			dependencies = (
			);
			name = "Hexium-Swift";
			productName = "Hexium-Swift";
			productReference = 04289B631B1C755400BAB4A1 /* Hexium-Swift.app */;
			productType = "com.apple.product-type.application";
		};
		04289B771B1C755500BAB4A1 /* Hexium-SwiftTests */ = {
			isa = PBXNativeTarget;
			buildConfigurationList = 04289B851B1C755500BAB4A1 /* Build configuration list for PBXNativeTarget "Hexium-SwiftTests" */;
			buildPhases = (
				04289B741B1C755500BAB4A1 /* Sources */,
				04289B751B1C755500BAB4A1 /* Frameworks */,
				04289B761B1C755500BAB4A1 /* Resources */,
			);
			buildRules = (
			);
			dependencies = (
				04289B7A1B1C755500BAB4A1 /* PBXTargetDependency */,
			);
			name = "Hexium-SwiftTests";
			productName = "Hexium-SwiftTests";
			productReference = 04289B781B1C755500BAB4A1 /* Hexium-SwiftTests.xctest */;
			productType = "com.apple.product-type.bundle.unit-test";
		};
/* End PBXNativeTarget section */

/* Begin PBXProject section */
		04289B5B1B1C755400BAB4A1 /* Project object */ = {
			isa = PBXProject;
			attributes = {
				LastUpgradeCheck = 0630;
				ORGANIZATIONNAME = "郑虎";
				TargetAttributes = {
					04289B621B1C755400BAB4A1 = {
						CreatedOnToolsVersion = 6.3;
					};
					04289B771B1C755500BAB4A1 = {
						CreatedOnToolsVersion = 6.3;
						TestTargetID = 04289B621B1C755400BAB4A1;
					};
				};
			};
			buildConfigurationList = 04289B5E1B1C755400BAB4A1 /* Build configuration list for PBXProject "Hexium-Swift" */;
			compatibilityVersion = "Xcode 3.2";
			developmentRegion = English;
			hasScannedForEncodings = 0;
			knownRegions = (
				en,
				Base,
			);
			mainGroup = 04289B5A1B1C755400BAB4A1;
			productRefGroup = 04289B641B1C755400BAB4A1 /* Products */;
			projectDirPath = "";
			projectRoot = "";
			targets = (
				04289B621B1C755400BAB4A1 /* Hexium-Swift */,
				04289B771B1C755500BAB4A1 /* Hexium-SwiftTests */,
			);
		};
/* End PBXProject section */

/* Begin PBXResourcesBuildPhase section */
		04289B611B1C755400BAB4A1 /* Resources */ = {
			isa = PBXResourcesBuildPhase;
			buildActionMask = 2147483647;
			files = (
				04289B6E1B1C755400BAB4A1 /* Main.storyboard in Resources */,
				04289B731B1C755400BAB4A1 /* LaunchScreen.xib in Resources */,
				04289B701B1C755400BAB4A1 /* Images.xcassets in Resources */,
			);
			runOnlyForDeploymentPostprocessing = 0;
		};
		04289B761B1C755500BAB4A1 /* Resources */ = {
			isa = PBXResourcesBuildPhase;
			buildActionMask = 2147483647;
			files = (
			);
			runOnlyForDeploymentPostprocessing = 0;
		};
/* End PBXResourcesBuildPhase section */

/* Begin PBXSourcesBuildPhase section */
		04289B5F1B1C755400BAB4A1 /* Sources */ = {
			isa = PBXSourcesBuildPhase;
			buildActionMask = 2147483647;
			files = (
				04289B6B1B1C755400BAB4A1 /* ViewController.swift in Sources */,
				04289B8A1B1C76E900BAB4A1 /* PieceView.swift in Sources */,
				04289B921B1C797F00BAB4A1 /* BoardView.swift in Sources */,
				04289B691B1C755400BAB4A1 /* AppDelegate.swift in Sources */,
				042D17E31B2069BA00761EDC /* CoordinateConverter.swift in Sources */,
				04289B901B1C77DD00BAB4A1 /* HexiumGameController.swift in Sources */,
				042D17B71B2055DF00761EDC /* GameModel.swift in Sources */,
				04289B941B1CB74800BAB4A1 /* Utils.swift in Sources */,
			);
			runOnlyForDeploymentPostprocessing = 0;
		};
		04289B741B1C755500BAB4A1 /* Sources */ = {
			isa = PBXSourcesBuildPhase;
			buildActionMask = 2147483647;
			files = (
				04289B7F1B1C755500BAB4A1 /* Hexium_SwiftTests.swift in Sources */,
			);
			runOnlyForDeploymentPostprocessing = 0;
		};
/* End PBXSourcesBuildPhase section */

/* Begin PBXTargetDependency section */
		04289B7A1B1C755500BAB4A1 /* PBXTargetDependency */ = {
			isa = PBXTargetDependency;
			target = 04289B621B1C755400BAB4A1 /* Hexium-Swift */;
			targetProxy = 04289B791B1C755500BAB4A1 /* PBXContainerItemProxy */;
		};
/* End PBXTargetDependency section */

/* Begin PBXVariantGroup section */
		04289B6C1B1C755400BAB4A1 /* Main.storyboard */ = {
			isa = PBXVariantGroup;
			children = (
				04289B6D1B1C755400BAB4A1 /* Base */,
			);
			name = Main.storyboard;
			sourceTree = "<group>";
		};
		04289B711B1C755400BAB4A1 /* LaunchScreen.xib */ = {
			isa = PBXVariantGroup;
			children = (
				04289B721B1C755400BAB4A1 /* Base */,
			);
			name = LaunchScreen.xib;
			sourceTree = "<group>";
		};
/* End PBXVariantGroup section */

/* Begin XCBuildConfiguration section */
		04289B801B1C755500BAB4A1 /* Debug */ = {
			isa = XCBuildConfiguration;
			buildSettings = {
				ALWAYS_SEARCH_USER_PATHS = NO;
				CLANG_CXX_LANGUAGE_STANDARD = "gnu++0x";
				CLANG_CXX_LIBRARY = "libc++";
				CLANG_ENABLE_MODULES = YES;
				CLANG_ENABLE_OBJC_ARC = YES;
				CLANG_WARN_BOOL_CONVERSION = YES;
				CLANG_WARN_CONSTANT_CONVERSION = YES;
				CLANG_WARN_DIRECT_OBJC_ISA_USAGE = YES_ERROR;
				CLANG_WARN_EMPTY_BODY = YES;
				CLANG_WARN_ENUM_CONVERSION = YES;
				CLANG_WARN_INT_CONVERSION = YES;
				CLANG_WARN_OBJC_ROOT_CLASS = YES_ERROR;
				CLANG_WARN_UNREACHABLE_CODE = YES;
				CLANG_WARN__DUPLICATE_METHOD_MATCH = YES;
				"CODE_SIGN_IDENTITY[sdk=iphoneos*]" = "iPhone Developer";
				COPY_PHASE_STRIP = NO;
				DEBUG_INFORMATION_FORMAT = "dwarf-with-dsym";
				ENABLE_STRICT_OBJC_MSGSEND = YES;
				GCC_C_LANGUAGE_STANDARD = gnu99;
				GCC_DYNAMIC_NO_PIC = NO;
				GCC_NO_COMMON_BLOCKS = YES;
				GCC_OPTIMIZATION_LEVEL = 0;
				GCC_PREPROCESSOR_DEFINITIONS = (
					"DEBUG=1",
					"$(inherited)",
				);
				GCC_SYMBOLS_PRIVATE_EXTERN = NO;
				GCC_WARN_64_TO_32_BIT_CONVERSION = YES;
				GCC_WARN_ABOUT_RETURN_TYPE = YES_ERROR;
				GCC_WARN_UNDECLARED_SELECTOR = YES;
				GCC_WARN_UNINITIALIZED_AUTOS = YES_AGGRESSIVE;
				GCC_WARN_UNUSED_FUNCTION = YES;
				GCC_WARN_UNUSED_VARIABLE = YES;
				IPHONEOS_DEPLOYMENT_TARGET = 8.3;
				MTL_ENABLE_DEBUG_INFO = YES;
				ONLY_ACTIVE_ARCH = YES;
				SDKROOT = iphoneos;
				SWIFT_OPTIMIZATION_LEVEL = "-Onone";
				TARGETED_DEVICE_FAMILY = "1,2";
			};
			name = Debug;
		};
		04289B811B1C755500BAB4A1 /* Release */ = {
			isa = XCBuildConfiguration;
			buildSettings = {
				ALWAYS_SEARCH_USER_PATHS = NO;
				CLANG_CXX_LANGUAGE_STANDARD = "gnu++0x";
				CLANG_CXX_LIBRARY = "libc++";
				CLANG_ENABLE_MODULES = YES;
				CLANG_ENABLE_OBJC_ARC = YES;
				CLANG_WARN_BOOL_CONVERSION = YES;
				CLANG_WARN_CONSTANT_CONVERSION = YES;
				CLANG_WARN_DIRECT_OBJC_ISA_USAGE = YES_ERROR;
				CLANG_WARN_EMPTY_BODY = YES;
				CLANG_WARN_ENUM_CONVERSION = YES;
				CLANG_WARN_INT_CONVERSION = YES;
				CLANG_WARN_OBJC_ROOT_CLASS = YES_ERROR;
				CLANG_WARN_UNREACHABLE_CODE = YES;
				CLANG_WARN__DUPLICATE_METHOD_MATCH = YES;
				"CODE_SIGN_IDENTITY[sdk=iphoneos*]" = "iPhone Developer";
				COPY_PHASE_STRIP = NO;
				DEBUG_INFORMATION_FORMAT = "dwarf-with-dsym";
				ENABLE_NS_ASSERTIONS = NO;
				ENABLE_STRICT_OBJC_MSGSEND = YES;
				GCC_C_LANGUAGE_STANDARD = gnu99;
				GCC_NO_COMMON_BLOCKS = YES;
				GCC_WARN_64_TO_32_BIT_CONVERSION = YES;
				GCC_WARN_ABOUT_RETURN_TYPE = YES_ERROR;
				GCC_WARN_UNDECLARED_SELECTOR = YES;
				GCC_WARN_UNINITIALIZED_AUTOS = YES_AGGRESSIVE;
				GCC_WARN_UNUSED_FUNCTION = YES;
				GCC_WARN_UNUSED_VARIABLE = YES;
				IPHONEOS_DEPLOYMENT_TARGET = 8.3;
				MTL_ENABLE_DEBUG_INFO = NO;
				SDKROOT = iphoneos;
				TARGETED_DEVICE_FAMILY = "1,2";
				VALIDATE_PRODUCT = YES;
			};
			name = Release;
		};
		04289B831B1C755500BAB4A1 /* Debug */ = {
			isa = XCBuildConfiguration;
			buildSettings = {
				ASSETCATALOG_COMPILER_APPICON_NAME = AppIcon;
				INFOPLIST_FILE = "Hexium-Swift/Info.plist";
				LD_RUNPATH_SEARCH_PATHS = "$(inherited) @executable_path/Frameworks";
				PRODUCT_NAME = "$(TARGET_NAME)";
			};
			name = Debug;
		};
		04289B841B1C755500BAB4A1 /* Release */ = {
			isa = XCBuildConfiguration;
			buildSettings = {
				ASSETCATALOG_COMPILER_APPICON_NAME = AppIcon;
				INFOPLIST_FILE = "Hexium-Swift/Info.plist";
				LD_RUNPATH_SEARCH_PATHS = "$(inherited) @executable_path/Frameworks";
				PRODUCT_NAME = "$(TARGET_NAME)";
			};
			name = Release;
		};
		04289B861B1C755500BAB4A1 /* Debug */ = {
			isa = XCBuildConfiguration;
			buildSettings = {
				BUNDLE_LOADER = "$(TEST_HOST)";
				FRAMEWORK_SEARCH_PATHS = (
					"$(SDKROOT)/Developer/Library/Frameworks",
					"$(inherited)",
				);
				GCC_PREPROCESSOR_DEFINITIONS = (
					"DEBUG=1",
					"$(inherited)",
				);
				INFOPLIST_FILE = "Hexium-SwiftTests/Info.plist";
				LD_RUNPATH_SEARCH_PATHS = "$(inherited) @executable_path/Frameworks @loader_path/Frameworks";
				PRODUCT_NAME = "$(TARGET_NAME)";
				TEST_HOST = "$(BUILT_PRODUCTS_DIR)/Hexium-Swift.app/Hexium-Swift";
			};
			name = Debug;
		};
		04289B871B1C755500BAB4A1 /* Release */ = {
			isa = XCBuildConfiguration;
			buildSettings = {
				BUNDLE_LOADER = "$(TEST_HOST)";
				FRAMEWORK_SEARCH_PATHS = (
					"$(SDKROOT)/Developer/Library/Frameworks",
					"$(inherited)",
				);
				INFOPLIST_FILE = "Hexium-SwiftTests/Info.plist";
				LD_RUNPATH_SEARCH_PATHS = "$(inherited) @executable_path/Frameworks @loader_path/Frameworks";
				PRODUCT_NAME = "$(TARGET_NAME)";
				TEST_HOST = "$(BUILT_PRODUCTS_DIR)/Hexium-Swift.app/Hexium-Swift";
			};
			name = Release;
		};
/* End XCBuildConfiguration section */

/* Begin XCConfigurationList section */
		04289B5E1B1C755400BAB4A1 /* Build configuration list for PBXProject "Hexium-Swift" */ = {
			isa = XCConfigurationList;
			buildConfigurations = (
				04289B801B1C755500BAB4A1 /* Debug */,
				04289B811B1C755500BAB4A1 /* Release */,
			);
			defaultConfigurationIsVisible = 0;
			defaultConfigurationName = Release;
		};
		04289B821B1C755500BAB4A1 /* Build configuration list for PBXNativeTarget "Hexium-Swift" */ = {
			isa = XCConfigurationList;
			buildConfigurations = (
				04289B831B1C755500BAB4A1 /* Debug */,
				04289B841B1C755500BAB4A1 /* Release */,
			);
			defaultConfigurationIsVisible = 0;
			defaultConfigurationName = Release;
		};
		04289B851B1C755500BAB4A1 /* Build configuration list for PBXNativeTarget "Hexium-SwiftTests" */ = {
			isa = XCConfigurationList;
			buildConfigurations = (
				04289B861B1C755500BAB4A1 /* Debug */,
				04289B871B1C755500BAB4A1 /* Release */,
			);
			defaultConfigurationIsVisible = 0;
			defaultConfigurationName = Release;
		};
/* End XCConfigurationList section */
	};
	rootObject = 04289B5B1B1C755400BAB4A1 /* Project object */;
}
